
Microsoft Visual Studio Solution File, Format Version 12.00
# Visual Studio 15
VisualStudioVersion = 15.0.28010.2016
MinimumVisualStudioVersion = 10.0.40219.1
Project("{9A19103F-16F7-4668-BE54-9A1E7A4F7556}") = "BankOcr.API", "ConsoleApp1\BankOcr.API.csproj", "{4B0E52B8-AD09-4D27-B991-24582B5A0E64}"
EndProject
Project("{9A19103F-16F7-4668-BE54-9A1E7A4F7556}") = "BankOct.Tests", "BankOct.Tests\BankOct.Tests.csproj", "{FF7BD8F6-651B-44E1-9CF3-F91922B83073}"
EndProject
Global
	GlobalSection(SolutionConfigurationPlatforms) = preSolution
		Debug|Any CPU = Debug|Any CPU
		Release|Any CPU = Release|Any CPU
	EndGlobalSection
	GlobalSection(ProjectConfigurationPlatforms) = postSolution
		{4B0E52B8-AD09-4D27-B991-24582B5A0E64}.Debug|Any CPU.ActiveCfg = Debug|Any CPU
		{4B0E52B8-AD09-4D27-B991-24582B5A0E64}.Debug|Any CPU.Build.0 = Debug|Any CPU
		{4B0E52B8-AD09-4D27-B991-24582B5A0E64}.Release|Any CPU.ActiveCfg = Release|Any CPU
		{4B0E52B8-AD09-4D27-B991-24582B5A0E64}.Release|Any CPU.Build.0 = Release|Any CPU
		{FF7BD8F6-651B-44E1-9CF3-F91922B83073}.Debug|Any CPU.ActiveCfg = Debug|Any CPU
		{FF7BD8F6-651B-44E1-9CF3-F91922B83073}.Debug|Any CPU.Build.0 = Debug|Any CPU
		{FF7BD8F6-651B-44E1-9CF3-F91922B83073}.Release|Any CPU.ActiveCfg = Release|Any CPU
		{FF7BD8F6-651B-44E1-9CF3-F91922B83073}.Release|Any CPU.Build.0 = Release|Any CPU
	EndGlobalSection
	GlobalSection(SolutionProperties) = preSolution
		HideSolutionNode = FALSE
	EndGlobalSection
	GlobalSection(ExtensibilityGlobals) = postSolution
		SolutionGuid = {FEAC2B5A-2C79-4ABA-958B-BCF99A0F4A2A}
	EndGlobalSection
EndGlobal
