
Microsoft Visual Studio Solution File, Format Version 12.00
# Visual Studio 15
VisualStudioVersion = 15.0.28010.2016
MinimumVisualStudioVersion = 10.0.40219.1
Project("{FAE04EC0-301F-11D3-BF4B-00C04F79EFBC}") = "BankOcr.Code", "BankOcr.Code\BankOcr.Code.csproj", "{BD27341E-D942-4536-A554-449A54B16112}"
EndProject
Project("{FAE04EC0-301F-11D3-BF4B-00C04F79EFBC}") = "BankOcr.Tests", "BankOcr.Tests\BankOcr.Tests.csproj", "{9423AC2D-3FB9-46DF-9447-367FD6A8BB8B}"
EndProject
Global
	GlobalSection(SolutionConfigurationPlatforms) = preSolution
		Debug|Any CPU = Debug|Any CPU
		Release|Any CPU = Release|Any CPU
	EndGlobalSection
	GlobalSection(ProjectConfigurationPlatforms) = postSolution
		{BD27341E-D942-4536-A554-449A54B16112}.Debug|Any CPU.ActiveCfg = Debug|Any CPU
		{BD27341E-D942-4536-A554-449A54B16112}.Debug|Any CPU.Build.0 = Debug|Any CPU
		{BD27341E-D942-4536-A554-449A54B16112}.Release|Any CPU.ActiveCfg = Release|Any CPU
		{BD27341E-D942-4536-A554-449A54B16112}.Release|Any CPU.Build.0 = Release|Any CPU
		{9423AC2D-3FB9-46DF-9447-367FD6A8BB8B}.Debug|Any CPU.ActiveCfg = Debug|Any CPU
		{9423AC2D-3FB9-46DF-9447-367FD6A8BB8B}.Debug|Any CPU.Build.0 = Debug|Any CPU
		{9423AC2D-3FB9-46DF-9447-367FD6A8BB8B}.Release|Any CPU.ActiveCfg = Release|Any CPU
		{9423AC2D-3FB9-46DF-9447-367FD6A8BB8B}.Release|Any CPU.Build.0 = Release|Any CPU
	EndGlobalSection
	GlobalSection(SolutionProperties) = preSolution
		HideSolutionNode = FALSE
	EndGlobalSection
	GlobalSection(ExtensibilityGlobals) = postSolution
		SolutionGuid = {FEAC2B5A-2C79-4ABA-958B-BCF99A0F4A2A}
	EndGlobalSection
EndGlobal
